
Microsoft Visual Studio Solution File, Format Version 12.00
# Visual Studio Version 16
VisualStudioVersion = 16.0.30717.126
MinimumVisualStudioVersion = 10.0.40219.1
Project("{9A19103F-16F7-4668-BE54-9A1E7A4F7556}") = "BrunoLau.SpaServices", "BrunoLau.SpaServices\BrunoLau.SpaServices.csproj", "{9D9F3215-80CD-49D4-84D6-04649488903A}"
EndProject
Project("{9A19103F-16F7-4668-BE54-9A1E7A4F7556}") = "BrunoLau.SpaServices.RazorSpaUtils", "BrunoLau.SpaServices.Razor\BrunoLau.SpaServices.RazorSpaUtils.csproj", "{C8C2887F-6864-4A2F-892A-34C442E85E90}"
EndProject
Project("{FAE04EC0-301F-11D3-BF4B-00C04F79EFBC}") = "TestApp", "TestApp\TestApp.csproj", "{8AFF9BDE-419E-4B97-967D-43DD4D4C1014}"
EndProject
Global
	GlobalSection(SolutionConfigurationPlatforms) = preSolution
		Debug|Any CPU = Debug|Any CPU
		Release|Any CPU = Release|Any CPU
	EndGlobalSection
	GlobalSection(ProjectConfigurationPlatforms) = postSolution
		{9D9F3215-80CD-49D4-84D6-04649488903A}.Debug|Any CPU.ActiveCfg = Debug|Any CPU
		{9D9F3215-80CD-49D4-84D6-04649488903A}.Debug|Any CPU.Build.0 = Debug|Any CPU
		{9D9F3215-80CD-49D4-84D6-04649488903A}.Release|Any CPU.ActiveCfg = Release|Any CPU
		{9D9F3215-80CD-49D4-84D6-04649488903A}.Release|Any CPU.Build.0 = Release|Any CPU
		{C8C2887F-6864-4A2F-892A-34C442E85E90}.Debug|Any CPU.ActiveCfg = Debug|Any CPU
		{C8C2887F-6864-4A2F-892A-34C442E85E90}.Debug|Any CPU.Build.0 = Debug|Any CPU
		{C8C2887F-6864-4A2F-892A-34C442E85E90}.Release|Any CPU.ActiveCfg = Release|Any CPU
		{C8C2887F-6864-4A2F-892A-34C442E85E90}.Release|Any CPU.Build.0 = Release|Any CPU
		{8AFF9BDE-419E-4B97-967D-43DD4D4C1014}.Debug|Any CPU.ActiveCfg = Debug|Any CPU
		{8AFF9BDE-419E-4B97-967D-43DD4D4C1014}.Debug|Any CPU.Build.0 = Debug|Any CPU
		{8AFF9BDE-419E-4B97-967D-43DD4D4C1014}.Release|Any CPU.ActiveCfg = Release|Any CPU
		{8AFF9BDE-419E-4B97-967D-43DD4D4C1014}.Release|Any CPU.Build.0 = Release|Any CPU
	EndGlobalSection
	GlobalSection(SolutionProperties) = preSolution
		HideSolutionNode = FALSE
	EndGlobalSection
	GlobalSection(ExtensibilityGlobals) = postSolution
		SolutionGuid = {B3376030-E98F-4B8D-B8B3-5FAF15C60E44}
	EndGlobalSection
EndGlobal
